Microsoft Visual Studio Solution File, Format Version 12.00
# Visual Studio Version 17
VisualStudioVersion = 17.5.2.0
MinimumVisualStudioVersion = 10.0.40219.1
Project("{FAE04EC0-301F-11D3-BF4B-00C04F79EFBC}") = "MatchZy", "MatchZy.csproj", "{8FEC2EA5-6B40-53E6-8060-BA00303380D6}"
EndProject
Global
	GlobalSection(SolutionConfigurationPlatforms) = preSolution
		Debug|Any CPU = Debug|Any CPU
		Release|Any CPU = Release|Any CPU
	EndGlobalSection
	GlobalSection(ProjectConfigurationPlatforms) = postSolution
		{8FEC2EA5-6B40-53E6-8060-BA00303380D6}.Debug|Any CPU.ActiveCfg = Debug|Any CPU
		{8FEC2EA5-6B40-53E6-8060-BA00303380D6}.Debug|Any CPU.Build.0 = Debug|Any CPU
		{8FEC2EA5-6B40-53E6-8060-BA00303380D6}.Release|Any CPU.ActiveCfg = Release|Any CPU
		{8FEC2EA5-6B40-53E6-8060-BA00303380D6}.Release|Any CPU.Build.0 = Release|Any CPU
	EndGlobalSection
	GlobalSection(SolutionProperties) = preSolution
		HideSolutionNode = FALSE
	EndGlobalSection
	GlobalSection(ExtensibilityGlobals) = postSolution
		SolutionGuid = {8F9E7F27-DF66-428F-9FE4-548D706B445C}
	EndGlobalSection
EndGlobal
